{
  "requires": true,
  "lockfileVersion": 1,
  "dependencies": {
    "ansi-styles": {
      "version": "1.0.0",
      "resolved": "http://webclients1-nexus.service.cd-dev.consul/repository/npm-public/ansi-styles/-/ansi-styles-1.0.0.tgz",
      "integrity": "sha1-yxAt8cVvUSPquLZ817mAJ6AnkXg="
    },
    "balanced-match": {
      "version": "1.0.0",
      "resolved": "http://webclients1-nexus.service.cd-dev.consul/repository/npm-public/balanced-match/-/balanced-match-1.0.0.tgz",
      "integrity": "sha1-ibTRmasr7kneFk6gK4nORi1xt2c="
    },
    "brace-expansion": {
      "version": "1.1.11",
      "resolved": "http://webclients1-nexus.service.cd-dev.consul/repository/npm-public/brace-expansion/-/brace-expansion-1.1.11.tgz",
      "integrity": "sha512-iCuPHDFgrHX7H2vEI/5xpz07zSHB00TpugqhmYtVmMO6518mCuRMoOYFldEBl0g187ufozdaHgWKcYFb61qGiA==",
      "requires": {
        "balanced-match": "1.0.0",
        "concat-map": "0.0.1"
      }
    },
    "chalk": {
      "version": "0.4.0",
      "resolved": "http://webclients1-nexus.service.cd-dev.consul/repository/npm-public/chalk/-/chalk-0.4.0.tgz",
      "integrity": "sha1-UZmj3c0MHv4jvAjBsCewYXbgxk8=",
      "requires": {
        "ansi-styles": "1.0.0",
        "has-color": "0.1.7",
        "strip-ansi": "0.1.1"
      }
    },
    "concat-map": {
      "version": "0.0.1",
      "resolved": "http://webclients1-nexus.service.cd-dev.consul/repository/npm-public/concat-map/-/concat-map-0.0.1.tgz",
      "integrity": "sha1-2Klr13/Wjfd5OnMDajug1UBdR3s="
    },
    "fs-extra": {
      "version": "4.0.3",
      "resolved": "http://webclients1-nexus.service.cd-dev.consul/repository/npm-public/fs-extra/-/fs-extra-4.0.3.tgz",
      "integrity": "sha512-q6rbdDd1o2mAnQreO7YADIxf/Whx4AHBiRf6d+/cVT8h44ss+lHgxf1FemcqDnQt9X3ct4McHr+JMGlYSsK7Cg==",
      "requires": {
        "graceful-fs": "4.1.11",
        "jsonfile": "4.0.0",
        "universalify": "0.1.1"
      }
    },
    "fs.realpath": {
      "version": "1.0.0",
      "resolved": "http://webclients1-nexus.service.cd-dev.consul/repository/npm-public/fs.realpath/-/fs.realpath-1.0.0.tgz",
      "integrity": "sha1-FQStJSMVjKpA20onh8sBQRmU6k8="
    },
    "glob": {
      "version": "7.1.2",
      "resolved": "http://webclients1-nexus.service.cd-dev.consul/repository/npm-public/glob/-/glob-7.1.2.tgz",
      "integrity": "sha512-MJTUg1kjuLeQCJ+ccE4Vpa6kKVXkPYJ2mOCQyUuKLcLQsdrMCpBPUi8qVE6+YuaJkozeA9NusTAw3hLr8Xe5EQ==",
      "requires": {
        "fs.realpath": "1.0.0",
        "inflight": "1.0.6",
        "inherits": "2.0.3",
        "minimatch": "3.0.4",
        "once": "1.4.0",
        "path-is-absolute": "1.0.1"
      }
    },
    "graceful-fs": {
      "version": "4.1.11",
      "resolved": "http://webclients1-nexus.service.cd-dev.consul/repository/npm-public/graceful-fs/-/graceful-fs-4.1.11.tgz",
      "integrity": "sha1-Dovf5NHduIVNZOBOp8AOKgJuVlg="
    },
    "has-color": {
      "version": "0.1.7",
      "resolved": "http://webclients1-nexus.service.cd-dev.consul/repository/npm-public/has-color/-/has-color-0.1.7.tgz",
      "integrity": "sha1-ZxRKUmDDT8PMpnfQQdr1L+e3iy8="
    },
    "inflight": {
      "version": "1.0.6",
      "resolved": "http://webclients1-nexus.service.cd-dev.consul/repository/npm-public/inflight/-/inflight-1.0.6.tgz",
      "integrity": "sha1-Sb1jMdfQLQwJvJEKEHW6gWW1bfk=",
      "requires": {
        "once": "1.4.0",
        "wrappy": "1.0.2"
      }
    },
    "inherits": {
      "version": "2.0.3",
      "resolved": "http://webclients1-nexus.service.cd-dev.consul/repository/npm-public/inherits/-/inherits-2.0.3.tgz",
      "integrity": "sha1-Yzwsg+PaQqUC9SRmAiSA9CCCYd4="
    },
    "jsonfile": {
      "version": "4.0.0",
      "resolved": "http://webclients1-nexus.service.cd-dev.consul/repository/npm-public/jsonfile/-/jsonfile-4.0.0.tgz",
      "integrity": "sha1-h3Gq4HmbZAdrdmQPygWPnBDjPss=",
      "requires": {
        "graceful-fs": "4.1.11"
      }
    },
    "minimatch": {
      "version": "3.0.4",
      "resolved": "http://webclients1-nexus.service.cd-dev.consul/repository/npm-public/minimatch/-/minimatch-3.0.4.tgz",
      "integrity": "sha512-yJHVQEhyqPLUTgt9B83PXu6W3rx4MvvHvSUvToogpwoGDOUQ+yDrR0HRot+yOCdCO7u4hX3pWft6kWBBcqh0UA==",
      "requires": {
        "brace-expansion": "1.1.11"
      }
    },
    "n4js-prepare-npm": {
      "version": "0.7.0-alpha.778360e1",
      "resolved": "http://webclients1-nexus.service.cd-dev.consul/repository/npm-public/n4js-prepare-npm/-/n4js-prepare-npm-0.7.0-alpha.778360e1.tgz",
      "integrity": "sha512-ne6Y0371lKLBOKJVILVR8+f2mUHF2HvE5p+e6OV3rT2wbUqRrnQDxUTxqhzPwAwd0rY1/TlML7yEB0e2NZB0/g==",
      "requires": {
        "fs-extra": "4.0.3",
        "glob": "7.1.2",
        "n4mf-parser": "0.6.0",
        "nomnom-patched": "1.8.1"
      }
    },
    "n4mf-parser": {
      "version": "0.6.0",
      "resolved": "http://webclients1-nexus.service.cd-dev.consul/repository/npm-public/n4mf-parser/-/n4mf-parser-0.6.0.tgz",
      "integrity": "sha1-HG7IKDcdCu5wS7uRCWGj381zWxY="
    },
    "nomnom-patched": {
      "version": "1.8.1",
      "resolved": "http://webclients1-nexus.service.cd-dev.consul/repository/npm-public/nomnom-patched/-/nomnom-patched-1.8.1.tgz",
      "integrity": "sha1-lFVgV9K4DMaAD3sGP17U5EzKaPQ=",
      "requires": {
        "chalk": "0.4.0",
        "underscore": "1.6.0"
      }
    },
    "once": {
      "version": "1.4.0",
      "resolved": "http://webclients1-nexus.service.cd-dev.consul/repository/npm-public/once/-/once-1.4.0.tgz",
      "integrity": "sha1-WDsap3WWHUsROsF9nFC6753Xa9E=",
      "requires": {
        "wrappy": "1.0.2"
      }
    },
    "path-is-absolute": {
      "version": "1.0.1",
      "resolved": "http://webclients1-nexus.service.cd-dev.consul/repository/npm-public/path-is-absolute/-/path-is-absolute-1.0.1.tgz",
      "integrity": "sha1-F0uSaHNVNP+8es5r9TpanhtcX18="
    },
    "strip-ansi": {
      "version": "0.1.1",
      "resolved": "http://webclients1-nexus.service.cd-dev.consul/repository/npm-public/strip-ansi/-/strip-ansi-0.1.1.tgz",
      "integrity": "sha1-OeipjQRNFQZgq+SmgIrPcLt7yZE="
    },
    "underscore": {
      "version": "1.6.0",
      "resolved": "http://webclients1-nexus.service.cd-dev.consul/repository/npm-public/underscore/-/underscore-1.6.0.tgz",
      "integrity": "sha1-izixDKze9jM3uLJOT/htRa6lKag="
    },
    "universalify": {
      "version": "0.1.1",
      "resolved": "http://webclients1-nexus.service.cd-dev.consul/repository/npm-public/universalify/-/universalify-0.1.1.tgz",
      "integrity": "sha1-+nG63UQ3r0wUiEHjs7Fl+enlkLc="
    },
    "wrappy": {
      "version": "1.0.2",
      "resolved": "http://webclients1-nexus.service.cd-dev.consul/repository/npm-public/wrappy/-/wrappy-1.0.2.tgz",
      "integrity": "sha1-tSQ9jz7BqjXxNkYFvA0QNuMKtp8="
    }
  }
}
